// !$*UTF8*$!
{
	archiveVersion = 1;
	classes = {
	};
	objectVersion = 50;
	objects = {

/* Begin PBXBuildFile section */
		C0947EBC2278579800649140 /* AppDelegate.swift in Sources */ = {isa = PBXBuildFile; fileRef = C0947EBB2278579800649140 /* AppDelegate.swift */; };
		C0947EBE2278579800649140 /* CodeBasedVersionViewController.swift in Sources */ = {isa = PBXBuildFile; fileRef = C0947EBD2278579800649140 /* CodeBasedVersionViewController.swift */; };
		C0947EC12278579800649140 /* Main.storyboard in Resources */ = {isa = PBXBuildFile; fileRef = C0947EBF2278579800649140 /* Main.storyboard */; };
		C0947EC32278579900649140 /* Assets.xcassets in Resources */ = {isa = PBXBuildFile; fileRef = C0947EC22278579900649140 /* Assets.xcassets */; };
		C0947EC62278579900649140 /* LaunchScreen.storyboard in Resources */ = {isa = PBXBuildFile; fileRef = C0947EC42278579900649140 /* LaunchScreen.storyboard */; };
		C0947ECE2278616100649140 /* Mapbox.framework in Frameworks */ = {isa = PBXBuildFile; fileRef = C0947ECD2278616100649140 /* Mapbox.framework */; };
		C0947ECF2278616100649140 /* Mapbox.framework in Embed Frameworks */ = {isa = PBXBuildFile; fileRef = C0947ECD2278616100649140 /* Mapbox.framework */; settings = {ATTRIBUTES = (CodeSignOnCopy, RemoveHeadersOnCopy, ); }; };
		C0947ED52278842C00649140 /* StoryboardBasedVersionViewController.swift in Sources */ = {isa = PBXBuildFile; fileRef = C0947ED42278842C00649140 /* StoryboardBasedVersionViewController.swift */; };
		C0947ED922795E4700649140 /* UserCurrentLocationViewController.swift in Sources */ = {isa = PBXBuildFile; fileRef = C0947ED822795E4700649140 /* UserCurrentLocationViewController.swift */; };
		C0D554ED227971FA00C52699 /* AnnotaionsViewController.swift in Sources */ = {isa = PBXBuildFile; fileRef = C0D554EC227971FA00C52699 /* AnnotaionsViewController.swift */; };
		C0D554F722797CBA00C52699 /* CalloutsViewController.swift in Sources */ = {isa = PBXBuildFile; fileRef = C0D554F622797CBA00C52699 /* CalloutsViewController.swift */; };
		C0D554F9227983F700C52699 /* PolylinesViewController.swift in Sources */ = {isa = PBXBuildFile; fileRef = C0D554F8227983F700C52699 /* PolylinesViewController.swift */; };
		C0D554FB22798EEB00C52699 /* PolygonsViewController.swift in Sources */ = {isa = PBXBuildFile; fileRef = C0D554FA22798EEB00C52699 /* PolygonsViewController.swift */; };
/* End PBXBuildFile section */

/* Begin PBXCopyFilesBuildPhase section */
		C0947ED02278616200649140 /* Embed Frameworks */ = {
			isa = PBXCopyFilesBuildPhase;
			buildActionMask = 2147483647;
			dstPath = "";
			dstSubfolderSpec = 10;
			files = (
				C0947ECF2278616100649140 /* Mapbox.framework in Embed Frameworks */,
			);
			name = "Embed Frameworks";
			runOnlyForDeploymentPostprocessing = 0;
		};
/* End PBXCopyFilesBuildPhase section */

/* Begin PBXFileReference section */
		C0947EB82278579800649140 /* Demo App.app */ = {isa = PBXFileReference; explicitFileType = wrapper.application; includeInIndex = 0; path = "Demo App.app"; sourceTree = BUILT_PRODUCTS_DIR; };
		C0947EBB2278579800649140 /* AppDelegate.swift */ = {isa = PBXFileReference; lastKnownFileType = sourcecode.swift; path = AppDelegate.swift; sourceTree = "<group>"; };
		C0947EBD2278579800649140 /* CodeBasedVersionViewController.swift */ = {isa = PBXFileReference; lastKnownFileType = sourcecode.swift; path = CodeBasedVersionViewController.swift; sourceTree = "<group>"; };
		C0947EC02278579800649140 /* Base */ = {isa = PBXFileReference; lastKnownFileType = file.storyboard; name = Base; path = Base.lproj/Main.storyboard; sourceTree = "<group>"; };
		C0947EC22278579900649140 /* Assets.xcassets */ = {isa = PBXFileReference; lastKnownFileType = folder.assetcatalog; path = Assets.xcassets; sourceTree = "<group>"; };
		C0947EC52278579900649140 /* Base */ = {isa = PBXFileReference; lastKnownFileType = file.storyboard; name = Base; path = Base.lproj/LaunchScreen.storyboard; sourceTree = "<group>"; };
		C0947EC72278579900649140 /* Info.plist */ = {isa = PBXFileReference; lastKnownFileType = text.plist.xml; path = Info.plist; sourceTree = "<group>"; };
		C0947ECD2278616100649140 /* Mapbox.framework */ = {isa = PBXFileReference; lastKnownFileType = wrapper.framework; path = Mapbox.framework; sourceTree = "<group>"; };
		C0947ED42278842C00649140 /* StoryboardBasedVersionViewController.swift */ = {isa = PBXFileReference; lastKnownFileType = sourcecode.swift; path = StoryboardBasedVersionViewController.swift; sourceTree = "<group>"; };
		C0947ED722789C2D00649140 /* en */ = {isa = PBXFileReference; lastKnownFileType = text.plist.strings; name = en; path = en.lproj/Main.strings; sourceTree = "<group>"; };
		C0947ED822795E4700649140 /* UserCurrentLocationViewController.swift */ = {isa = PBXFileReference; lastKnownFileType = sourcecode.swift; path = UserCurrentLocationViewController.swift; sourceTree = "<group>"; };
		C0D554EC227971FA00C52699 /* AnnotaionsViewController.swift */ = {isa = PBXFileReference; lastKnownFileType = sourcecode.swift; path = AnnotaionsViewController.swift; sourceTree = "<group>"; };
		C0D554F622797CBA00C52699 /* CalloutsViewController.swift */ = {isa = PBXFileReference; lastKnownFileType = sourcecode.swift; path = CalloutsViewController.swift; sourceTree = "<group>"; };
		C0D554F8227983F700C52699 /* PolylinesViewController.swift */ = {isa = PBXFileReference; lastKnownFileType = sourcecode.swift; path = PolylinesViewController.swift; sourceTree = "<group>"; };
		C0D554FA22798EEB00C52699 /* PolygonsViewController.swift */ = {isa = PBXFileReference; lastKnownFileType = sourcecode.swift; path = PolygonsViewController.swift; sourceTree = "<group>"; };
/* End PBXFileReference section */

/* Begin PBXFrameworksBuildPhase section */
		C0947EB52278579800649140 /* Frameworks */ = {
			isa = PBXFrameworksBuildPhase;
			buildActionMask = 2147483647;
			files = (
				C0947ECE2278616100649140 /* Mapbox.framework in Frameworks */,
			);
			runOnlyForDeploymentPostprocessing = 0;
		};
/* End PBXFrameworksBuildPhase section */

/* Begin PBXGroup section */
		C0947EAF2278579800649140 = {
			isa = PBXGroup;
			children = (
				C0947ECD2278616100649140 /* Mapbox.framework */,
				C0947EBA2278579800649140 /* Demo App */,
				C0947EB92278579800649140 /* Products */,
			);
			sourceTree = "<group>";
		};
		C0947EB92278579800649140 /* Products */ = {
			isa = PBXGroup;
			children = (
				C0947EB82278579800649140 /* Demo App.app */,
			);
			name = Products;
			sourceTree = "<group>";
		};
		C0947EBA2278579800649140 /* Demo App */ = {
			isa = PBXGroup;
			children = (
				C0D554EF2279721300C52699 /* View Controllers */,
				C0D554F12279724900C52699 /* Storybords */,
				C0D554F22279725800C52699 /* Design Assets */,
				C0D554F02279723600C52699 /* Supporting Files */,
				C0947EC72278579900649140 /* Info.plist */,
			);
			path = "Demo App";
			sourceTree = "<group>";
		};
		C0D554EF2279721300C52699 /* View Controllers */ = {
			isa = PBXGroup;
			children = (
				C0947EBD2278579800649140 /* CodeBasedVersionViewController.swift */,
				C0947ED42278842C00649140 /* StoryboardBasedVersionViewController.swift */,
				C0947ED822795E4700649140 /* UserCurrentLocationViewController.swift */,
				C0D554EC227971FA00C52699 /* AnnotaionsViewController.swift */,
				C0D554F622797CBA00C52699 /* CalloutsViewController.swift */,
				C0D554F8227983F700C52699 /* PolylinesViewController.swift */,
				C0D554FA22798EEB00C52699 /* PolygonsViewController.swift */,
			);
			path = "View Controllers";
			sourceTree = "<group>";
		};
		C0D554F02279723600C52699 /* Supporting Files */ = {
			isa = PBXGroup;
			children = (
				C0947EBB2278579800649140 /* AppDelegate.swift */,
				C0947EC42278579900649140 /* LaunchScreen.storyboard */,
			);
			path = "Supporting Files";
			sourceTree = "<group>";
		};
		C0D554F12279724900C52699 /* Storybords */ = {
			isa = PBXGroup;
			children = (
				C0947EBF2278579800649140 /* Main.storyboard */,
			);
			path = Storybords;
			sourceTree = "<group>";
		};
		C0D554F22279725800C52699 /* Design Assets */ = {
			isa = PBXGroup;
			children = (
				C0947EC22278579900649140 /* Assets.xcassets */,
			);
			path = "Design Assets";
			sourceTree = "<group>";
		};
/* End PBXGroup section */

/* Begin PBXNativeTarget section */
		C0947EB72278579800649140 /* Demo App */ = {
			isa = PBXNativeTarget;
			buildConfigurationList = C0947ECA2278579900649140 /* Build configuration list for PBXNativeTarget "Demo App" */;
			buildPhases = (
				C0947EB42278579800649140 /* Sources */,
				C0947EB52278579800649140 /* Frameworks */,
				C0947EB62278579800649140 /* Resources */,
				C0947ED02278616200649140 /* Embed Frameworks */,
				C0947ED12278616F00649140 /* ShellScript */,
			);
			buildRules = (
			);
			dependencies = (
			);
			name = "Demo App";
			productName = "Demo App";
			productReference = C0947EB82278579800649140 /* Demo App.app */;
			productType = "com.apple.product-type.application";
		};
/* End PBXNativeTarget section */

/* Begin PBXProject section */
		C0947EB02278579800649140 /* Project object */ = {
			isa = PBXProject;
			attributes = {
				LastSwiftUpdateCheck = 1020;
				LastUpgradeCheck = 1020;
				ORGANIZATIONNAME = MrAlirezaa;
				TargetAttributes = {
					C0947EB72278579800649140 = {
						CreatedOnToolsVersion = 10.2.1;
					};
				};
			};
			buildConfigurationList = C0947EB32278579800649140 /* Build configuration list for PBXProject "Demo App" */;
			compatibilityVersion = "Xcode 9.3";
			developmentRegion = en;
			hasScannedForEncodings = 0;
			knownRegions = (
				en,
				Base,
			);
			mainGroup = C0947EAF2278579800649140;
			productRefGroup = C0947EB92278579800649140 /* Products */;
			projectDirPath = "";
			projectRoot = "";
			targets = (
				C0947EB72278579800649140 /* Demo App */,
			);
		};
/* End PBXProject section */

/* Begin PBXResourcesBuildPhase section */
		C0947EB62278579800649140 /* Resources */ = {
			isa = PBXResourcesBuildPhase;
			buildActionMask = 2147483647;
			files = (
				C0947EC62278579900649140 /* LaunchScreen.storyboard in Resources */,
				C0947EC32278579900649140 /* Assets.xcassets in Resources */,
				C0947EC12278579800649140 /* Main.storyboard in Resources */,
			);
			runOnlyForDeploymentPostprocessing = 0;
		};
/* End PBXResourcesBuildPhase section */

/* Begin PBXShellScriptBuildPhase section */
		C0947ED12278616F00649140 /* ShellScript */ = {
			isa = PBXShellScriptBuildPhase;
			buildActionMask = 2147483647;
			files = (
			);
			inputFileListPaths = (
			);
			inputPaths = (
			);
			outputFileListPaths = (
			);
			outputPaths = (
			);
			runOnlyForDeploymentPostprocessing = 0;
			shellPath = /bin/sh;
			shellScript = "bash \"${BUILT_PRODUCTS_DIR}/${FRAMEWORKS_FOLDER_PATH}/Mapbox.framework/strip-frameworks.sh\"\n";
		};
/* End PBXShellScriptBuildPhase section */

/* Begin PBXSourcesBuildPhase section */
		C0947EB42278579800649140 /* Sources */ = {
			isa = PBXSourcesBuildPhase;
			buildActionMask = 2147483647;
			files = (
				C0947ED922795E4700649140 /* UserCurrentLocationViewController.swift in Sources */,
				C0D554FB22798EEB00C52699 /* PolygonsViewController.swift in Sources */,
				C0947ED52278842C00649140 /* StoryboardBasedVersionViewController.swift in Sources */,
				C0D554ED227971FA00C52699 /* AnnotaionsViewController.swift in Sources */,
				C0947EBE2278579800649140 /* CodeBasedVersionViewController.swift in Sources */,
				C0947EBC2278579800649140 /* AppDelegate.swift in Sources */,
				C0D554F9227983F700C52699 /* PolylinesViewController.swift in Sources */,
				C0D554F722797CBA00C52699 /* CalloutsViewController.swift in Sources */,
			);
			runOnlyForDeploymentPostprocessing = 0;
		};
/* End PBXSourcesBuildPhase section */

/* Begin PBXVariantGroup section */
		C0947EBF2278579800649140 /* Main.storyboard */ = {
			isa = PBXVariantGroup;
			children = (
				C0947EC02278579800649140 /* Base */,
				C0947ED722789C2D00649140 /* en */,
			);
			name = Main.storyboard;
			sourceTree = "<group>";
		};
		C0947EC42278579900649140 /* LaunchScreen.storyboard */ = {
			isa = PBXVariantGroup;
			children = (
				C0947EC52278579900649140 /* Base */,
			);
			name = LaunchScreen.storyboard;
			sourceTree = "<group>";
		};
/* End PBXVariantGroup section */

/* Begin XCBuildConfiguration section */
		C0947EC82278579900649140 /* Debug */ = {
			isa = XCBuildConfiguration;
			buildSettings = {
				ALWAYS_SEARCH_USER_PATHS = NO;
				CLANG_ANALYZER_NONNULL = YES;
				CLANG_ANALYZER_NUMBER_OBJECT_CONVERSION = YES_AGGRESSIVE;
				CLANG_CXX_LANGUAGE_STANDARD = "gnu++14";
				CLANG_CXX_LIBRARY = "libc++";
				CLANG_ENABLE_MODULES = YES;
				CLANG_ENABLE_OBJC_ARC = YES;
				CLANG_ENABLE_OBJC_WEAK = YES;
				CLANG_WARN_BLOCK_CAPTURE_AUTORELEASING = YES;
				CLANG_WARN_BOOL_CONVERSION = YES;
				CLANG_WARN_COMMA = YES;
				CLANG_WARN_CONSTANT_CONVERSION = YES;
				CLANG_WARN_DEPRECATED_OBJC_IMPLEMENTATIONS = YES;
				CLANG_WARN_DIRECT_OBJC_ISA_USAGE = YES_ERROR;
				CLANG_WARN_DOCUMENTATION_COMMENTS = YES;
				CLANG_WARN_EMPTY_BODY = YES;
				CLANG_WARN_ENUM_CONVERSION = YES;
				CLANG_WARN_INFINITE_RECURSION = YES;
				CLANG_WARN_INT_CONVERSION = YES;
				CLANG_WARN_NON_LITERAL_NULL_CONVERSION = YES;
				CLANG_WARN_OBJC_IMPLICIT_RETAIN_SELF = YES;
				CLANG_WARN_OBJC_LITERAL_CONVERSION = YES;
				CLANG_WARN_OBJC_ROOT_CLASS = YES_ERROR;
				CLANG_WARN_RANGE_LOOP_ANALYSIS = YES;
				CLANG_WARN_STRICT_PROTOTYPES = YES;
				CLANG_WARN_SUSPICIOUS_MOVE = YES;
				CLANG_WARN_UNGUARDED_AVAILABILITY = YES_AGGRESSIVE;
				CLANG_WARN_UNREACHABLE_CODE = YES;
				CLANG_WARN__DUPLICATE_METHOD_MATCH = YES;
				CODE_SIGN_IDENTITY = "iPhone Developer";
				COPY_PHASE_STRIP = NO;
				DEBUG_INFORMATION_FORMAT = dwarf;
				ENABLE_STRICT_OBJC_MSGSEND = YES;
				ENABLE_TESTABILITY = YES;
				GCC_C_LANGUAGE_STANDARD = gnu11;
				GCC_DYNAMIC_NO_PIC = NO;
				GCC_NO_COMMON_BLOCKS = YES;
				GCC_OPTIMIZATION_LEVEL = 0;
				GCC_PREPROCESSOR_DEFINITIONS = (
					"DEBUG=1",
					"$(inherited)",
				);
				GCC_WARN_64_TO_32_BIT_CONVERSION = YES;
				GCC_WARN_ABOUT_RETURN_TYPE = YES_ERROR;
				GCC_WARN_UNDECLARED_SELECTOR = YES;
				GCC_WARN_UNINITIALIZED_AUTOS = YES_AGGRESSIVE;
				GCC_WARN_UNUSED_FUNCTION = YES;
				GCC_WARN_UNUSED_VARIABLE = YES;
				IPHONEOS_DEPLOYMENT_TARGET = 12.2;
				MTL_ENABLE_DEBUG_INFO = INCLUDE_SOURCE;
				MTL_FAST_MATH = YES;
				ONLY_ACTIVE_ARCH = YES;
				SDKROOT = iphoneos;
				SWIFT_ACTIVE_COMPILATION_CONDITIONS = DEBUG;
				SWIFT_OPTIMIZATION_LEVEL = "-Onone";
			};
			name = Debug;
		};
		C0947EC92278579900649140 /* Release */ = {
			isa = XCBuildConfiguration;
			buildSettings = {
				ALWAYS_SEARCH_USER_PATHS = NO;
				CLANG_ANALYZER_NONNULL = YES;
				CLANG_ANALYZER_NUMBER_OBJECT_CONVERSION = YES_AGGRESSIVE;
				CLANG_CXX_LANGUAGE_STANDARD = "gnu++14";
				CLANG_CXX_LIBRARY = "libc++";
				CLANG_ENABLE_MODULES = YES;
				CLANG_ENABLE_OBJC_ARC = YES;
				CLANG_ENABLE_OBJC_WEAK = YES;
				CLANG_WARN_BLOCK_CAPTURE_AUTORELEASING = YES;
				CLANG_WARN_BOOL_CONVERSION = YES;
				CLANG_WARN_COMMA = YES;
				CLANG_WARN_CONSTANT_CONVERSION = YES;
				CLANG_WARN_DEPRECATED_OBJC_IMPLEMENTATIONS = YES;
				CLANG_WARN_DIRECT_OBJC_ISA_USAGE = YES_ERROR;
				CLANG_WARN_DOCUMENTATION_COMMENTS = YES;
				CLANG_WARN_EMPTY_BODY = YES;
				CLANG_WARN_ENUM_CONVERSION = YES;
				CLANG_WARN_INFINITE_RECURSION = YES;
				CLANG_WARN_INT_CONVERSION = YES;
				CLANG_WARN_NON_LITERAL_NULL_CONVERSION = YES;
				CLANG_WARN_OBJC_IMPLICIT_RETAIN_SELF = YES;
				CLANG_WARN_OBJC_LITERAL_CONVERSION = YES;
				CLANG_WARN_OBJC_ROOT_CLASS = YES_ERROR;
				CLANG_WARN_RANGE_LOOP_ANALYSIS = YES;
				CLANG_WARN_STRICT_PROTOTYPES = YES;
				CLANG_WARN_SUSPICIOUS_MOVE = YES;
				CLANG_WARN_UNGUARDED_AVAILABILITY = YES_AGGRESSIVE;
				CLANG_WARN_UNREACHABLE_CODE = YES;
				CLANG_WARN__DUPLICATE_METHOD_MATCH = YES;
				CODE_SIGN_IDENTITY = "iPhone Developer";
				COPY_PHASE_STRIP = NO;
				DEBUG_INFORMATION_FORMAT = "dwarf-with-dsym";
				ENABLE_NS_ASSERTIONS = NO;
				ENABLE_STRICT_OBJC_MSGSEND = YES;
				GCC_C_LANGUAGE_STANDARD = gnu11;
				GCC_NO_COMMON_BLOCKS = YES;
				GCC_WARN_64_TO_32_BIT_CONVERSION = YES;
				GCC_WARN_ABOUT_RETURN_TYPE = YES_ERROR;
				GCC_WARN_UNDECLARED_SELECTOR = YES;
				GCC_WARN_UNINITIALIZED_AUTOS = YES_AGGRESSIVE;
				GCC_WARN_UNUSED_FUNCTION = YES;
				GCC_WARN_UNUSED_VARIABLE = YES;
				IPHONEOS_DEPLOYMENT_TARGET = 12.2;
				MTL_ENABLE_DEBUG_INFO = NO;
				MTL_FAST_MATH = YES;
				SDKROOT = iphoneos;
				SWIFT_COMPILATION_MODE = wholemodule;
				SWIFT_OPTIMIZATION_LEVEL = "-O";
				VALIDATE_PRODUCT = YES;
			};
			name = Release;
		};
		C0947ECB2278579900649140 /* Debug */ = {
			isa = XCBuildConfiguration;
			buildSettings = {
				ASSETCATALOG_COMPILER_APPICON_NAME = AppIcon;
				CODE_SIGN_STYLE = Automatic;
				DEVELOPMENT_TEAM = 33DVPZ7L7T;
				FRAMEWORK_SEARCH_PATHS = (
					"$(inherited)",
					"$(PROJECT_DIR)",
				);
				INFOPLIST_FILE = "Demo App/Info.plist";
				IPHONEOS_DEPLOYMENT_TARGET = 10.0;
				LD_RUNPATH_SEARCH_PATHS = (
					"$(inherited)",
					"@executable_path/Frameworks",
				);
				PRODUCT_BUNDLE_IDENTIFIER = "ir.map.Demo-App";
				PRODUCT_NAME = "$(TARGET_NAME)";
				SWIFT_VERSION = 5.0;
				TARGETED_DEVICE_FAMILY = "1,2";
			};
			name = Debug;
		};
		C0947ECC2278579900649140 /* Release */ = {
			isa = XCBuildConfiguration;
			buildSettings = {
				ASSETCATALOG_COMPILER_APPICON_NAME = AppIcon;
				CODE_SIGN_STYLE = Automatic;
				DEVELOPMENT_TEAM = 33DVPZ7L7T;
				FRAMEWORK_SEARCH_PATHS = (
					"$(inherited)",
					"$(PROJECT_DIR)",
				);
				INFOPLIST_FILE = "Demo App/Info.plist";
				IPHONEOS_DEPLOYMENT_TARGET = 10.0;
				LD_RUNPATH_SEARCH_PATHS = (
					"$(inherited)",
					"@executable_path/Frameworks",
				);
				PRODUCT_BUNDLE_IDENTIFIER = "ir.map.Demo-App";
				PRODUCT_NAME = "$(TARGET_NAME)";
				SWIFT_VERSION = 5.0;
				TARGETED_DEVICE_FAMILY = "1,2";
			};
			name = Release;
		};
/* End XCBuildConfiguration section */

/* Begin XCConfigurationList section */
		C0947EB32278579800649140 /* Build configuration list for PBXProject "Demo App" */ = {
			isa = XCConfigurationList;
			buildConfigurations = (
				C0947EC82278579900649140 /* Debug */,
				C0947EC92278579900649140 /* Release */,
			);
			defaultConfigurationIsVisible = 0;
			defaultConfigurationName = Release;
		};
		C0947ECA2278579900649140 /* Build configuration list for PBXNativeTarget "Demo App" */ = {
			isa = XCConfigurationList;
			buildConfigurations = (
				C0947ECB2278579900649140 /* Debug */,
				C0947ECC2278579900649140 /* Release */,
			);
			defaultConfigurationIsVisible = 0;
			defaultConfigurationName = Release;
		};
/* End XCConfigurationList section */
	};
	rootObject = C0947EB02278579800649140 /* Project object */;
}
